{
    "_readme": [
        "This file locks the dependencies of your project to a known state",
        "Read more about it at https://getcomposer.org/doc/01-basic-usage.md#composer-lock-the-lock-file",
        "This file is @generated automatically"
    ],
    "hash": "3d8ed92d4247ee5c9647c6102f1f52e1",
    "content-hash": "0f57159d252b0a72e89b414317642675",
    "packages": [
        {
            "name": "steevanb/php-yaml",
            "version": "1.0.1",
            "source": {
                "type": "git",
                "url": "https://github.com/steevanb/php-yaml.git",
                "reference": "9307e6b6ac54bdd7d347c9e0d1ce55000dd53aca"
            },
            "dist": {
                "type": "zip",
                "url": "https://api.github.com/repos/steevanb/php-yaml/zipball/9307e6b6ac54bdd7d347c9e0d1ce55000dd53aca",
                "reference": "9307e6b6ac54bdd7d347c9e0d1ce55000dd53aca",
                "shasum": ""
            },
            "require": {
                "symfony/yaml": "^3.1"
            },
            "type": "lib",
            "autoload": {
                "psr-4": {
                    "steevanb\\PhpYaml\\": ""
                }
            },
            "notification-url": "https://packagist.org/downloads/",
            "license": [
                "MIT"
            ],
            "description": "Add some features to symfony/yaml",
            "time": "2017-04-11 20:50:52"
        },
        {
            "name": "symfony/yaml",
            "version": "v3.3.4",
            "source": {
                "type": "git",
                "url": "https://github.com/symfony/yaml.git",
                "reference": "1f93a8d19b8241617f5074a123e282575b821df8"
            },
            "dist": {
                "type": "zip",
                "url": "https://api.github.com/repos/symfony/yaml/zipball/1f93a8d19b8241617f5074a123e282575b821df8",
                "reference": "1f93a8d19b8241617f5074a123e282575b821df8",
                "shasum": ""
            },
            "require": {
                "php": ">=5.5.9"
            },
            "require-dev": {
                "symfony/console": "~2.8|~3.0"
            },
            "suggest": {
                "symfony/console": "For validating YAML files using the lint command"
            },
            "type": "library",
            "extra": {
                "branch-alias": {
                    "dev-master": "3.3-dev"
                }
            },
            "autoload": {
                "psr-4": {
                    "Symfony\\Component\\Yaml\\": ""
                },
                "exclude-from-classmap": [
                    "/Tests/"
                ]
            },
            "notification-url": "https://packagist.org/downloads/",
            "license": [
                "MIT"
            ],
            "authors": [
                {
                    "name": "Fabien Potencier",
                    "email": "fabien@symfony.com"
                },
                {
                    "name": "Symfony Community",
                    "homepage": "https://symfony.com/contributors"
                }
            ],
            "description": "Symfony Yaml Component",
            "homepage": "https://symfony.com",
            "time": "2017-06-15 12:58:50"
        }
    ],
    "packages-dev": [],
    "aliases": [],
    "minimum-stability": "stable",
    "stability-flags": [],
    "prefer-stable": false,
    "prefer-lowest": false,
    "platform": {
        "php": "^7.0"
    },
    "platform-dev": []
}
